// !$*UTF8*$!
{
	archiveVersion = 1;
	classes = {
	};
	objectVersion = 50;
	objects = {

/* Begin PBXBuildFile section */
		3109FDEC27587C090051B9DC /* UserLoginWrapper.swift in Sources */ = {isa = PBXBuildFile; fileRef = 3109FDEB27587C090051B9DC /* UserLoginWrapper.swift */; };
		3109FDED27587C090051B9DC /* UserLoginWrapper.swift in Sources */ = {isa = PBXBuildFile; fileRef = 3109FDEB27587C090051B9DC /* UserLoginWrapper.swift */; };
		3109FDEF275884EB0051B9DC /* StartPage.swift in Sources */ = {isa = PBXBuildFile; fileRef = 3109FDEE275884EB0051B9DC /* StartPage.swift */; };
		3109FDF0275884EB0051B9DC /* StartPage.swift in Sources */ = {isa = PBXBuildFile; fileRef = 3109FDEE275884EB0051B9DC /* StartPage.swift */; };
		310F00F9275986BF00ED2934 /* ScheduleView.swift in Sources */ = {isa = PBXBuildFile; fileRef = 310F00F8275986BF00ED2934 /* ScheduleView.swift */; };
		310F00FA275986BF00ED2934 /* ScheduleView.swift in Sources */ = {isa = PBXBuildFile; fileRef = 310F00F8275986BF00ED2934 /* ScheduleView.swift */; };
		310F00FE275C472E00ED2934 /* WordRow.swift in Sources */ = {isa = PBXBuildFile; fileRef = 310F00FB275C472E00ED2934 /* WordRow.swift */; };
		310F00FF275C472E00ED2934 /* WordRow.swift in Sources */ = {isa = PBXBuildFile; fileRef = 310F00FB275C472E00ED2934 /* WordRow.swift */; };
		310F0100275C472E00ED2934 /* WordDetail.swift in Sources */ = {isa = PBXBuildFile; fileRef = 310F00FC275C472E00ED2934 /* WordDetail.swift */; };
		310F0101275C472E00ED2934 /* WordDetail.swift in Sources */ = {isa = PBXBuildFile; fileRef = 310F00FC275C472E00ED2934 /* WordDetail.swift */; };
		310F0102275C472E00ED2934 /* WordDetailViewStatic.swift in Sources */ = {isa = PBXBuildFile; fileRef = 310F00FD275C472E00ED2934 /* WordDetailViewStatic.swift */; };
		310F0103275C472E00ED2934 /* WordDetailViewStatic.swift in Sources */ = {isa = PBXBuildFile; fileRef = 310F00FD275C472E00ED2934 /* WordDetailViewStatic.swift */; };
		311632CB275EEDB9003D5EC0 /* ScheduleLocationView.swift in Sources */ = {isa = PBXBuildFile; fileRef = 311632CA275EEDB9003D5EC0 /* ScheduleLocationView.swift */; };
		311632CC275EEDB9003D5EC0 /* ScheduleLocationView.swift in Sources */ = {isa = PBXBuildFile; fileRef = 311632CA275EEDB9003D5EC0 /* ScheduleLocationView.swift */; };
		3121A777274337E800084882 /* AppointmentRow.swift in Sources */ = {isa = PBXBuildFile; fileRef = 3121A776274337E800084882 /* AppointmentRow.swift */; };
		3121A778274337E800084882 /* AppointmentRow.swift in Sources */ = {isa = PBXBuildFile; fileRef = 3121A776274337E800084882 /* AppointmentRow.swift */; };
		3121A77A27433A1B00084882 /* AppointmentDetail.swift in Sources */ = {isa = PBXBuildFile; fileRef = 3121A77927433A1B00084882 /* AppointmentDetail.swift */; };
		3121A77B27433A1B00084882 /* AppointmentDetail.swift in Sources */ = {isa = PBXBuildFile; fileRef = 3121A77927433A1B00084882 /* AppointmentDetail.swift */; };
		3121A78027434E4800084882 /* AppointmentDetailButtons.swift in Sources */ = {isa = PBXBuildFile; fileRef = 3121A77F27434E4800084882 /* AppointmentDetailButtons.swift */; };
		3121A78127434E4800084882 /* AppointmentDetailButtons.swift in Sources */ = {isa = PBXBuildFile; fileRef = 3121A77F27434E4800084882 /* AppointmentDetailButtons.swift */; };
		3121A78327434FAC00084882 /* AppointmentDetailViewStatic.swift in Sources */ = {isa = PBXBuildFile; fileRef = 3121A78227434FAC00084882 /* AppointmentDetailViewStatic.swift */; };
		3121A78427434FAC00084882 /* AppointmentDetailViewStatic.swift in Sources */ = {isa = PBXBuildFile; fileRef = 3121A78227434FAC00084882 /* AppointmentDetailViewStatic.swift */; };
		314814AA2738309200E0D7FD /* SignWithUs2_0App.swift in Sources */ = {isa = PBXBuildFile; fileRef = 314814972738309100E0D7FD /* SignWithUs2_0App.swift */; };
		314814AB2738309200E0D7FD /* SignWithUs2_0App.swift in Sources */ = {isa = PBXBuildFile; fileRef = 314814972738309100E0D7FD /* SignWithUs2_0App.swift */; };
		314814AC2738309200E0D7FD /* ContentView.swift in Sources */ = {isa = PBXBuildFile; fileRef = 314814982738309100E0D7FD /* ContentView.swift */; };
		314814AD2738309200E0D7FD /* ContentView.swift in Sources */ = {isa = PBXBuildFile; fileRef = 314814982738309100E0D7FD /* ContentView.swift */; };
		314814AE2738309200E0D7FD /* Assets.xcassets in Resources */ = {isa = PBXBuildFile; fileRef = 314814992738309200E0D7FD /* Assets.xcassets */; };
		314814AF2738309200E0D7FD /* Assets.xcassets in Resources */ = {isa = PBXBuildFile; fileRef = 314814992738309200E0D7FD /* Assets.xcassets */; };
		314814B927383D0E00E0D7FD /* WebView.swift in Sources */ = {isa = PBXBuildFile; fileRef = 314814B827383D0E00E0D7FD /* WebView.swift */; };
		314814BA27383D0E00E0D7FD /* WebView.swift in Sources */ = {isa = PBXBuildFile; fileRef = 314814B827383D0E00E0D7FD /* WebView.swift */; };
		314814BC2738454600E0D7FD /* Account.swift in Sources */ = {isa = PBXBuildFile; fileRef = 314814BB2738454600E0D7FD /* Account.swift */; };
		314814BD2738454600E0D7FD /* Account.swift in Sources */ = {isa = PBXBuildFile; fileRef = 314814BB2738454600E0D7FD /* Account.swift */; };
		317CC731273B2DDD0027A3F0 /* SearchBar.swift in Sources */ = {isa = PBXBuildFile; fileRef = 317CC730273B2DDD0027A3F0 /* SearchBar.swift */; };
		317CC732273B2DDD0027A3F0 /* SearchBar.swift in Sources */ = {isa = PBXBuildFile; fileRef = 317CC730273B2DDD0027A3F0 /* SearchBar.swift */; };
		317CC734273B34030027A3F0 /* SearchTypeDropDown.swift in Sources */ = {isa = PBXBuildFile; fileRef = 317CC733273B34030027A3F0 /* SearchTypeDropDown.swift */; };
		317CC735273B34030027A3F0 /* SearchTypeDropDown.swift in Sources */ = {isa = PBXBuildFile; fileRef = 317CC733273B34030027A3F0 /* SearchTypeDropDown.swift */; };
		317CC737273B3DFF0027A3F0 /* InterpretersRow.swift in Sources */ = {isa = PBXBuildFile; fileRef = 317CC736273B3DFF0027A3F0 /* InterpretersRow.swift */; };
		317CC738273B3DFF0027A3F0 /* InterpretersRow.swift in Sources */ = {isa = PBXBuildFile; fileRef = 317CC736273B3DFF0027A3F0 /* InterpretersRow.swift */; };
		317CC73D273B6F4E0027A3F0 /* InterpretersView.swift in Sources */ = {isa = PBXBuildFile; fileRef = 317CC73C273B6F4E0027A3F0 /* InterpretersView.swift */; };
		317CC73E273B6F4E0027A3F0 /* InterpretersView.swift in Sources */ = {isa = PBXBuildFile; fileRef = 317CC73C273B6F4E0027A3F0 /* InterpretersView.swift */; };
		31900C502758688600E006EC /* LoginView.swift in Sources */ = {isa = PBXBuildFile; fileRef = 31900C4D2758688600E006EC /* LoginView.swift */; };
		31900C512758688600E006EC /* LoginView.swift in Sources */ = {isa = PBXBuildFile; fileRef = 31900C4D2758688600E006EC /* LoginView.swift */; };
		31900C522758688600E006EC /* UserLogin.swift in Sources */ = {isa = PBXBuildFile; fileRef = 31900C4E2758688600E006EC /* UserLogin.swift */; };
		31900C532758688600E006EC /* UserLogin.swift in Sources */ = {isa = PBXBuildFile; fileRef = 31900C4E2758688600E006EC /* UserLogin.swift */; };
		31900C542758688600E006EC /* UserSignUp.swift in Sources */ = {isa = PBXBuildFile; fileRef = 31900C4F2758688600E006EC /* UserSignUp.swift */; };
		31900C552758688600E006EC /* UserSignUp.swift in Sources */ = {isa = PBXBuildFile; fileRef = 31900C4F2758688600E006EC /* UserSignUp.swift */; };
		31C0509E276120B400173C69 /* ConfirmedBooking.swift in Sources */ = {isa = PBXBuildFile; fileRef = 31C0509D276120B400173C69 /* ConfirmedBooking.swift */; };
		31C0509F276120B400173C69 /* ConfirmedBooking.swift in Sources */ = {isa = PBXBuildFile; fileRef = 31C0509D276120B400173C69 /* ConfirmedBooking.swift */; };
		31C2D4B12760232200331CA7 /* UserForgotWrapper.swift in Sources */ = {isa = PBXBuildFile; fileRef = 31C2D4B02760232200331CA7 /* UserForgotWrapper.swift */; };
		31C2D4B22760232200331CA7 /* UserForgotWrapper.swift in Sources */ = {isa = PBXBuildFile; fileRef = 31C2D4B02760232200331CA7 /* UserForgotWrapper.swift */; };
		31C2D4B42760245000331CA7 /* UserForgot.swift in Sources */ = {isa = PBXBuildFile; fileRef = 31C2D4B32760245000331CA7 /* UserForgot.swift */; };
		31C2D4B52760245000331CA7 /* UserForgot.swift in Sources */ = {isa = PBXBuildFile; fileRef = 31C2D4B32760245000331CA7 /* UserForgot.swift */; };
		31C2D4B72760278500331CA7 /* PassResetSent.swift in Sources */ = {isa = PBXBuildFile; fileRef = 31C2D4B62760278500331CA7 /* PassResetSent.swift */; };
		31C2D4B82760278500331CA7 /* PassResetSent.swift in Sources */ = {isa = PBXBuildFile; fileRef = 31C2D4B62760278500331CA7 /* PassResetSent.swift */; };
		31C2D4BA2760656300331CA7 /* BookingSummary.swift in Sources */ = {isa = PBXBuildFile; fileRef = 31C2D4B92760656300331CA7 /* BookingSummary.swift */; };
		31C2D4BB2760656300331CA7 /* BookingSummary.swift in Sources */ = {isa = PBXBuildFile; fileRef = 31C2D4B92760656300331CA7 /* BookingSummary.swift */; };
		31E20269273CA91400471E69 /* InterpreterDetail.swift in Sources */ = {isa = PBXBuildFile; fileRef = 31E20268273CA91400471E69 /* InterpreterDetail.swift */; };
		31E2026A273CA91400471E69 /* InterpreterDetail.swift in Sources */ = {isa = PBXBuildFile; fileRef = 31E20268273CA91400471E69 /* InterpreterDetail.swift */; };
/* End PBXBuildFile section */

/* Begin PBXFileReference section */
		3109FDEB27587C090051B9DC /* UserLoginWrapper.swift */ = {isa = PBXFileReference; lastKnownFileType = sourcecode.swift; path = UserLoginWrapper.swift; sourceTree = "<group>"; };
		3109FDEE275884EB0051B9DC /* StartPage.swift */ = {isa = PBXFileReference; lastKnownFileType = sourcecode.swift; path = StartPage.swift; sourceTree = "<group>"; };
		310F00F8275986BF00ED2934 /* ScheduleView.swift */ = {isa = PBXFileReference; lastKnownFileType = sourcecode.swift; path = ScheduleView.swift; sourceTree = "<group>"; };
		310F00FB275C472E00ED2934 /* WordRow.swift */ = {isa = PBXFileReference; fileEncoding = 4; lastKnownFileType = sourcecode.swift; path = WordRow.swift; sourceTree = "<group>"; };
		310F00FC275C472E00ED2934 /* WordDetail.swift */ = {isa = PBXFileReference; fileEncoding = 4; lastKnownFileType = sourcecode.swift; path = WordDetail.swift; sourceTree = "<group>"; };
		310F00FD275C472E00ED2934 /* WordDetailViewStatic.swift */ = {isa = PBXFileReference; fileEncoding = 4; lastKnownFileType = sourcecode.swift; path = WordDetailViewStatic.swift; sourceTree = "<group>"; };
		311632CA275EEDB9003D5EC0 /* ScheduleLocationView.swift */ = {isa = PBXFileReference; lastKnownFileType = sourcecode.swift; path = ScheduleLocationView.swift; sourceTree = "<group>"; };
		3121A776274337E800084882 /* AppointmentRow.swift */ = {isa = PBXFileReference; lastKnownFileType = sourcecode.swift; path = AppointmentRow.swift; sourceTree = "<group>"; };
		3121A77927433A1B00084882 /* AppointmentDetail.swift */ = {isa = PBXFileReference; lastKnownFileType = sourcecode.swift; path = AppointmentDetail.swift; sourceTree = "<group>"; };
		3121A77F27434E4800084882 /* AppointmentDetailButtons.swift */ = {isa = PBXFileReference; lastKnownFileType = sourcecode.swift; path = AppointmentDetailButtons.swift; sourceTree = "<group>"; };
		3121A78227434FAC00084882 /* AppointmentDetailViewStatic.swift */ = {isa = PBXFileReference; lastKnownFileType = sourcecode.swift; path = AppointmentDetailViewStatic.swift; sourceTree = "<group>"; };
		314814972738309100E0D7FD /* SignWithUs2_0App.swift */ = {isa = PBXFileReference; lastKnownFileType = sourcecode.swift; path = SignWithUs2_0App.swift; sourceTree = "<group>"; };
		314814982738309100E0D7FD /* ContentView.swift */ = {isa = PBXFileReference; lastKnownFileType = sourcecode.swift; path = ContentView.swift; sourceTree = "<group>"; };
		314814992738309200E0D7FD /* Assets.xcassets */ = {isa = PBXFileReference; lastKnownFileType = folder.assetcatalog; path = Assets.xcassets; sourceTree = "<group>"; };
		3148149E2738309200E0D7FD /* SignWithUs2.0.app */ = {isa = PBXFileReference; explicitFileType = wrapper.application; includeInIndex = 0; path = SignWithUs2.0.app; sourceTree = BUILT_PRODUCTS_DIR; };
		314814A12738309200E0D7FD /* Info.plist */ = {isa = PBXFileReference; lastKnownFileType = text.plist.xml; path = Info.plist; sourceTree = "<group>"; };
		314814A62738309200E0D7FD /* SignWithUs2.0.app */ = {isa = PBXFileReference; explicitFileType = wrapper.application; includeInIndex = 0; path = SignWithUs2.0.app; sourceTree = BUILT_PRODUCTS_DIR; };
		314814A82738309200E0D7FD /* Info.plist */ = {isa = PBXFileReference; lastKnownFileType = text.plist.xml; path = Info.plist; sourceTree = "<group>"; };
		314814A92738309200E0D7FD /* macOS.entitlements */ = {isa = PBXFileReference; lastKnownFileType = text.plist.entitlements; path = macOS.entitlements; sourceTree = "<group>"; };
		314814B827383D0E00E0D7FD /* WebView.swift */ = {isa = PBXFileReference; lastKnownFileType = sourcecode.swift; path = WebView.swift; sourceTree = "<group>"; };
		314814BB2738454600E0D7FD /* Account.swift */ = {isa = PBXFileReference; lastKnownFileType = sourcecode.swift; path = Account.swift; sourceTree = "<group>"; };
		317CC730273B2DDD0027A3F0 /* SearchBar.swift */ = {isa = PBXFileReference; lastKnownFileType = sourcecode.swift; path = SearchBar.swift; sourceTree = "<group>"; };
		317CC733273B34030027A3F0 /* SearchTypeDropDown.swift */ = {isa = PBXFileReference; lastKnownFileType = sourcecode.swift; path = SearchTypeDropDown.swift; sourceTree = "<group>"; };
		317CC736273B3DFF0027A3F0 /* InterpretersRow.swift */ = {isa = PBXFileReference; lastKnownFileType = sourcecode.swift; path = InterpretersRow.swift; sourceTree = "<group>"; };
		317CC73C273B6F4E0027A3F0 /* InterpretersView.swift */ = {isa = PBXFileReference; lastKnownFileType = sourcecode.swift; path = InterpretersView.swift; sourceTree = "<group>"; };
		31900C4D2758688600E006EC /* LoginView.swift */ = {isa = PBXFileReference; fileEncoding = 4; lastKnownFileType = sourcecode.swift; path = LoginView.swift; sourceTree = "<group>"; };
		31900C4E2758688600E006EC /* UserLogin.swift */ = {isa = PBXFileReference; fileEncoding = 4; lastKnownFileType = sourcecode.swift; path = UserLogin.swift; sourceTree = "<group>"; };
		31900C4F2758688600E006EC /* UserSignUp.swift */ = {isa = PBXFileReference; fileEncoding = 4; lastKnownFileType = sourcecode.swift; path = UserSignUp.swift; sourceTree = "<group>"; };
		31C0509D276120B400173C69 /* ConfirmedBooking.swift */ = {isa = PBXFileReference; lastKnownFileType = sourcecode.swift; path = ConfirmedBooking.swift; sourceTree = "<group>"; };
		31C2D4B02760232200331CA7 /* UserForgotWrapper.swift */ = {isa = PBXFileReference; lastKnownFileType = sourcecode.swift; path = UserForgotWrapper.swift; sourceTree = "<group>"; };
		31C2D4B32760245000331CA7 /* UserForgot.swift */ = {isa = PBXFileReference; lastKnownFileType = sourcecode.swift; path = UserForgot.swift; sourceTree = "<group>"; };
		31C2D4B62760278500331CA7 /* PassResetSent.swift */ = {isa = PBXFileReference; lastKnownFileType = sourcecode.swift; path = PassResetSent.swift; sourceTree = "<group>"; };
		31C2D4B92760656300331CA7 /* BookingSummary.swift */ = {isa = PBXFileReference; lastKnownFileType = sourcecode.swift; path = BookingSummary.swift; sourceTree = "<group>"; };
		31E20268273CA91400471E69 /* InterpreterDetail.swift */ = {isa = PBXFileReference; lastKnownFileType = sourcecode.swift; path = InterpreterDetail.swift; sourceTree = "<group>"; };
/* End PBXFileReference section */

/* Begin PBXFrameworksBuildPhase section */
		3148149B2738309200E0D7FD /* Frameworks */ = {
			isa = PBXFrameworksBuildPhase;
			buildActionMask = 2147483647;
			files = (
			);
			runOnlyForDeploymentPostprocessing = 0;
		};
		314814A32738309200E0D7FD /* Frameworks */ = {
			isa = PBXFrameworksBuildPhase;
			buildActionMask = 2147483647;
			files = (
			);
			runOnlyForDeploymentPostprocessing = 0;
		};
/* End PBXFrameworksBuildPhase section */

/* Begin PBXGroup section */
		314814912738309000E0D7FD = {
			isa = PBXGroup;
			children = (
				314814962738309100E0D7FD /* Shared */,
				314814A02738309200E0D7FD /* iOS */,
				314814A72738309200E0D7FD /* macOS */,
				3148149F2738309200E0D7FD /* Products */,
			);
			sourceTree = "<group>";
		};
		314814962738309100E0D7FD /* Shared */ = {
			isa = PBXGroup;
			children = (
				310F00FC275C472E00ED2934 /* WordDetail.swift */,
				310F00FD275C472E00ED2934 /* WordDetailViewStatic.swift */,
				310F00FB275C472E00ED2934 /* WordRow.swift */,
				31900C4D2758688600E006EC /* LoginView.swift */,
				31900C4E2758688600E006EC /* UserLogin.swift */,
				31900C4F2758688600E006EC /* UserSignUp.swift */,
				314814972738309100E0D7FD /* SignWithUs2_0App.swift */,
				31E20268273CA91400471E69 /* InterpreterDetail.swift */,
				314814982738309100E0D7FD /* ContentView.swift */,
				314814992738309200E0D7FD /* Assets.xcassets */,
				314814B827383D0E00E0D7FD /* WebView.swift */,
				314814BB2738454600E0D7FD /* Account.swift */,
				317CC730273B2DDD0027A3F0 /* SearchBar.swift */,
				317CC733273B34030027A3F0 /* SearchTypeDropDown.swift */,
				317CC736273B3DFF0027A3F0 /* InterpretersRow.swift */,
				317CC73C273B6F4E0027A3F0 /* InterpretersView.swift */,
				3121A776274337E800084882 /* AppointmentRow.swift */,
				3121A77927433A1B00084882 /* AppointmentDetail.swift */,
				3121A77F27434E4800084882 /* AppointmentDetailButtons.swift */,
				3121A78227434FAC00084882 /* AppointmentDetailViewStatic.swift */,
				3109FDEB27587C090051B9DC /* UserLoginWrapper.swift */,
				3109FDEE275884EB0051B9DC /* StartPage.swift */,
				310F00F8275986BF00ED2934 /* ScheduleView.swift */,
				311632CA275EEDB9003D5EC0 /* ScheduleLocationView.swift */,
				31C2D4B02760232200331CA7 /* UserForgotWrapper.swift */,
				31C2D4B32760245000331CA7 /* UserForgot.swift */,
				31C2D4B62760278500331CA7 /* PassResetSent.swift */,
				31C2D4B92760656300331CA7 /* BookingSummary.swift */,
				31C0509D276120B400173C69 /* ConfirmedBooking.swift */,
			);
			path = Shared;
			sourceTree = "<group>";
		};
		3148149F2738309200E0D7FD /* Products */ = {
			isa = PBXGroup;
			children = (
				3148149E2738309200E0D7FD /* SignWithUs2.0.app */,
				314814A62738309200E0D7FD /* SignWithUs2.0.app */,
			);
			name = Products;
			sourceTree = "<group>";
		};
		314814A02738309200E0D7FD /* iOS */ = {
			isa = PBXGroup;
			children = (
				314814A12738309200E0D7FD /* Info.plist */,
			);
			path = iOS;
			sourceTree = "<group>";
		};
		314814A72738309200E0D7FD /* macOS */ = {
			isa = PBXGroup;
			children = (
				314814A82738309200E0D7FD /* Info.plist */,
				314814A92738309200E0D7FD /* macOS.entitlements */,
			);
			path = macOS;
			sourceTree = "<group>";
		};
/* End PBXGroup section */

/* Begin PBXNativeTarget section */
		3148149D2738309200E0D7FD /* SignWithUs2.0 (iOS) */ = {
			isa = PBXNativeTarget;
			buildConfigurationList = 314814B22738309200E0D7FD /* Build configuration list for PBXNativeTarget "SignWithUs2.0 (iOS)" */;
			buildPhases = (
				3148149A2738309200E0D7FD /* Sources */,
				3148149B2738309200E0D7FD /* Frameworks */,
				3148149C2738309200E0D7FD /* Resources */,
			);
			buildRules = (
			);
			dependencies = (
			);
			name = "SignWithUs2.0 (iOS)";
			productName = "SignWithUs2.0 (iOS)";
			productReference = 3148149E2738309200E0D7FD /* SignWithUs2.0.app */;
			productType = "com.apple.product-type.application";
		};
		314814A52738309200E0D7FD /* SignWithUs2.0 (macOS) */ = {
			isa = PBXNativeTarget;
			buildConfigurationList = 314814B52738309200E0D7FD /* Build configuration list for PBXNativeTarget "SignWithUs2.0 (macOS)" */;
			buildPhases = (
				314814A22738309200E0D7FD /* Sources */,
				314814A32738309200E0D7FD /* Frameworks */,
				314814A42738309200E0D7FD /* Resources */,
			);
			buildRules = (
			);
			dependencies = (
			);
			name = "SignWithUs2.0 (macOS)";
			productName = "SignWithUs2.0 (macOS)";
			productReference = 314814A62738309200E0D7FD /* SignWithUs2.0.app */;
			productType = "com.apple.product-type.application";
		};
/* End PBXNativeTarget section */

/* Begin PBXProject section */
		314814922738309000E0D7FD /* Project object */ = {
			isa = PBXProject;
			attributes = {
				LastSwiftUpdateCheck = 1250;
				LastUpgradeCheck = 1250;
				TargetAttributes = {
					3148149D2738309200E0D7FD = {
						CreatedOnToolsVersion = 12.5.1;
					};
					314814A52738309200E0D7FD = {
						CreatedOnToolsVersion = 12.5.1;
					};
				};
			};
			buildConfigurationList = 314814952738309000E0D7FD /* Build configuration list for PBXProject "SignWithUs2.0" */;
			compatibilityVersion = "Xcode 9.3";
			developmentRegion = en;
			hasScannedForEncodings = 0;
			knownRegions = (
				en,
				Base,
			);
			mainGroup = 314814912738309000E0D7FD;
			productRefGroup = 3148149F2738309200E0D7FD /* Products */;
			projectDirPath = "";
			projectRoot = "";
			targets = (
				3148149D2738309200E0D7FD /* SignWithUs2.0 (iOS) */,
				314814A52738309200E0D7FD /* SignWithUs2.0 (macOS) */,
			);
		};
/* End PBXProject section */

/* Begin PBXResourcesBuildPhase section */
		3148149C2738309200E0D7FD /* Resources */ = {
			isa = PBXResourcesBuildPhase;
			buildActionMask = 2147483647;
			files = (
				314814AE2738309200E0D7FD /* Assets.xcassets in Resources */,
			);
			runOnlyForDeploymentPostprocessing = 0;
		};
		314814A42738309200E0D7FD /* Resources */ = {
			isa = PBXResourcesBuildPhase;
			buildActionMask = 2147483647;
			files = (
				314814AF2738309200E0D7FD /* Assets.xcassets in Resources */,
			);
			runOnlyForDeploymentPostprocessing = 0;
		};
/* End PBXResourcesBuildPhase section */

/* Begin PBXSourcesBuildPhase section */
		3148149A2738309200E0D7FD /* Sources */ = {
			isa = PBXSourcesBuildPhase;
			buildActionMask = 2147483647;
			files = (
				310F0100275C472E00ED2934 /* WordDetail.swift in Sources */,
				31C2D4B42760245000331CA7 /* UserForgot.swift in Sources */,
				310F00FE275C472E00ED2934 /* WordRow.swift in Sources */,
				31900C542758688600E006EC /* UserSignUp.swift in Sources */,
				31C2D4B12760232200331CA7 /* UserForgotWrapper.swift in Sources */,
				3121A77A27433A1B00084882 /* AppointmentDetail.swift in Sources */,
				314814B927383D0E00E0D7FD /* WebView.swift in Sources */,
				3121A777274337E800084882 /* AppointmentRow.swift in Sources */,
				317CC737273B3DFF0027A3F0 /* InterpretersRow.swift in Sources */,
				31E20269273CA91400471E69 /* InterpreterDetail.swift in Sources */,
				31C2D4B72760278500331CA7 /* PassResetSent.swift in Sources */,
				314814BC2738454600E0D7FD /* Account.swift in Sources */,
				3109FDEF275884EB0051B9DC /* StartPage.swift in Sources */,
				317CC734273B34030027A3F0 /* SearchTypeDropDown.swift in Sources */,
				317CC73D273B6F4E0027A3F0 /* InterpretersView.swift in Sources */,
				31900C502758688600E006EC /* LoginView.swift in Sources */,
				310F0102275C472E00ED2934 /* WordDetailViewStatic.swift in Sources */,
				3109FDEC27587C090051B9DC /* UserLoginWrapper.swift in Sources */,
				317CC731273B2DDD0027A3F0 /* SearchBar.swift in Sources */,
				314814AC2738309200E0D7FD /* ContentView.swift in Sources */,
				31900C522758688600E006EC /* UserLogin.swift in Sources */,
				3121A78327434FAC00084882 /* AppointmentDetailViewStatic.swift in Sources */,
				31C0509E276120B400173C69 /* ConfirmedBooking.swift in Sources */,
				3121A78027434E4800084882 /* AppointmentDetailButtons.swift in Sources */,
				311632CB275EEDB9003D5EC0 /* ScheduleLocationView.swift in Sources */,
				31C2D4BA2760656300331CA7 /* BookingSummary.swift in Sources */,
				314814AA2738309200E0D7FD /* SignWithUs2_0App.swift in Sources */,
				310F00F9275986BF00ED2934 /* ScheduleView.swift in Sources */,
			);
			runOnlyForDeploymentPostprocessing = 0;
		};
		314814A22738309200E0D7FD /* Sources */ = {
			isa = PBXSourcesBuildPhase;
			buildActionMask = 2147483647;
			files = (
				310F0101275C472E00ED2934 /* WordDetail.swift in Sources */,
				31C2D4B52760245000331CA7 /* UserForgot.swift in Sources */,
				310F00FF275C472E00ED2934 /* WordRow.swift in Sources */,
				31900C552758688600E006EC /* UserSignUp.swift in Sources */,
				31C2D4B22760232200331CA7 /* UserForgotWrapper.swift in Sources */,
				3121A77B27433A1B00084882 /* AppointmentDetail.swift in Sources */,
				314814BA27383D0E00E0D7FD /* WebView.swift in Sources */,
				3121A778274337E800084882 /* AppointmentRow.swift in Sources */,
				317CC738273B3DFF0027A3F0 /* InterpretersRow.swift in Sources */,
				31E2026A273CA91400471E69 /* InterpreterDetail.swift in Sources */,
				31C2D4B82760278500331CA7 /* PassResetSent.swift in Sources */,
				314814BD2738454600E0D7FD /* Account.swift in Sources */,
				3109FDF0275884EB0051B9DC /* StartPage.swift in Sources */,
				317CC735273B34030027A3F0 /* SearchTypeDropDown.swift in Sources */,
				317CC73E273B6F4E0027A3F0 /* InterpretersView.swift in Sources */,
				31900C512758688600E006EC /* LoginView.swift in Sources */,
				310F0103275C472E00ED2934 /* WordDetailViewStatic.swift in Sources */,
				3109FDED27587C090051B9DC /* UserLoginWrapper.swift in Sources */,
				317CC732273B2DDD0027A3F0 /* SearchBar.swift in Sources */,
				314814AD2738309200E0D7FD /* ContentView.swift in Sources */,
				31900C532758688600E006EC /* UserLogin.swift in Sources */,
				3121A78427434FAC00084882 /* AppointmentDetailViewStatic.swift in Sources */,
				31C0509F276120B400173C69 /* ConfirmedBooking.swift in Sources */,
				3121A78127434E4800084882 /* AppointmentDetailButtons.swift in Sources */,
				311632CC275EEDB9003D5EC0 /* ScheduleLocationView.swift in Sources */,
				31C2D4BB2760656300331CA7 /* BookingSummary.swift in Sources */,
				314814AB2738309200E0D7FD /* SignWithUs2_0App.swift in Sources */,
				310F00FA275986BF00ED2934 /* ScheduleView.swift in Sources */,
			);
			runOnlyForDeploymentPostprocessing = 0;
		};
/* End PBXSourcesBuildPhase section */

/* Begin XCBuildConfiguration section */
		314814B02738309200E0D7FD /* Debug */ = {
			isa = XCBuildConfiguration;
			buildSettings = {
				ALWAYS_SEARCH_USER_PATHS = NO;
				CLANG_ANALYZER_NONNULL = YES;
				CLANG_ANALYZER_NUMBER_OBJECT_CONVERSION = YES_AGGRESSIVE;
				CLANG_CXX_LANGUAGE_STANDARD = "gnu++14";
				CLANG_CXX_LIBRARY = "libc++";
				CLANG_ENABLE_MODULES = YES;
				CLANG_ENABLE_OBJC_ARC = YES;
				CLANG_ENABLE_OBJC_WEAK = YES;
				CLANG_WARN_BLOCK_CAPTURE_AUTORELEASING = YES;
				CLANG_WARN_BOOL_CONVERSION = YES;
				CLANG_WARN_COMMA = YES;
				CLANG_WARN_CONSTANT_CONVERSION = YES;
				CLANG_WARN_DEPRECATED_OBJC_IMPLEMENTATIONS = YES;
				CLANG_WARN_DIRECT_OBJC_ISA_USAGE = YES_ERROR;
				CLANG_WARN_DOCUMENTATION_COMMENTS = YES;
				CLANG_WARN_EMPTY_BODY = YES;
				CLANG_WARN_ENUM_CONVERSION = YES;
				CLANG_WARN_INFINITE_RECURSION = YES;
				CLANG_WARN_INT_CONVERSION = YES;
				CLANG_WARN_NON_LITERAL_NULL_CONVERSION = YES;
				CLANG_WARN_OBJC_IMPLICIT_RETAIN_SELF = YES;
				CLANG_WARN_OBJC_LITERAL_CONVERSION = YES;
				CLANG_WARN_OBJC_ROOT_CLASS = YES_ERROR;
				CLANG_WARN_QUOTED_INCLUDE_IN_FRAMEWORK_HEADER = YES;
				CLANG_WARN_RANGE_LOOP_ANALYSIS = YES;
				CLANG_WARN_STRICT_PROTOTYPES = YES;
				CLANG_WARN_SUSPICIOUS_MOVE = YES;
				CLANG_WARN_UNGUARDED_AVAILABILITY = YES_AGGRESSIVE;
				CLANG_WARN_UNREACHABLE_CODE = YES;
				CLANG_WARN__DUPLICATE_METHOD_MATCH = YES;
				COPY_PHASE_STRIP = NO;
				DEBUG_INFORMATION_FORMAT = dwarf;
				ENABLE_STRICT_OBJC_MSGSEND = YES;
				ENABLE_TESTABILITY = YES;
				GCC_C_LANGUAGE_STANDARD = gnu11;
				GCC_DYNAMIC_NO_PIC = NO;
				GCC_NO_COMMON_BLOCKS = YES;
				GCC_OPTIMIZATION_LEVEL = 0;
				GCC_PREPROCESSOR_DEFINITIONS = (
					"DEBUG=1",
					"$(inherited)",
				);
				GCC_WARN_64_TO_32_BIT_CONVERSION = YES;
				GCC_WARN_ABOUT_RETURN_TYPE = YES_ERROR;
				GCC_WARN_UNDECLARED_SELECTOR = YES;
				GCC_WARN_UNINITIALIZED_AUTOS = YES_AGGRESSIVE;
				GCC_WARN_UNUSED_FUNCTION = YES;
				GCC_WARN_UNUSED_VARIABLE = YES;
				IPHONEOS_DEPLOYMENT_TARGET = 15.0;
				MTL_ENABLE_DEBUG_INFO = INCLUDE_SOURCE;
				MTL_FAST_MATH = YES;
				ONLY_ACTIVE_ARCH = YES;
				SWIFT_ACTIVE_COMPILATION_CONDITIONS = DEBUG;
				SWIFT_OPTIMIZATION_LEVEL = "-Onone";
			};
			name = Debug;
		};
		314814B12738309200E0D7FD /* Release */ = {
			isa = XCBuildConfiguration;
			buildSettings = {
				ALWAYS_SEARCH_USER_PATHS = NO;
				CLANG_ANALYZER_NONNULL = YES;
				CLANG_ANALYZER_NUMBER_OBJECT_CONVERSION = YES_AGGRESSIVE;
				CLANG_CXX_LANGUAGE_STANDARD = "gnu++14";
				CLANG_CXX_LIBRARY = "libc++";
				CLANG_ENABLE_MODULES = YES;
				CLANG_ENABLE_OBJC_ARC = YES;
				CLANG_ENABLE_OBJC_WEAK = YES;
				CLANG_WARN_BLOCK_CAPTURE_AUTORELEASING = YES;
				CLANG_WARN_BOOL_CONVERSION = YES;
				CLANG_WARN_COMMA = YES;
				CLANG_WARN_CONSTANT_CONVERSION = YES;
				CLANG_WARN_DEPRECATED_OBJC_IMPLEMENTATIONS = YES;
				CLANG_WARN_DIRECT_OBJC_ISA_USAGE = YES_ERROR;
				CLANG_WARN_DOCUMENTATION_COMMENTS = YES;
				CLANG_WARN_EMPTY_BODY = YES;
				CLANG_WARN_ENUM_CONVERSION = YES;
				CLANG_WARN_INFINITE_RECURSION = YES;
				CLANG_WARN_INT_CONVERSION = YES;
				CLANG_WARN_NON_LITERAL_NULL_CONVERSION = YES;
				CLANG_WARN_OBJC_IMPLICIT_RETAIN_SELF = YES;
				CLANG_WARN_OBJC_LITERAL_CONVERSION = YES;
				CLANG_WARN_OBJC_ROOT_CLASS = YES_ERROR;
				CLANG_WARN_QUOTED_INCLUDE_IN_FRAMEWORK_HEADER = YES;
				CLANG_WARN_RANGE_LOOP_ANALYSIS = YES;
				CLANG_WARN_STRICT_PROTOTYPES = YES;
				CLANG_WARN_SUSPICIOUS_MOVE = YES;
				CLANG_WARN_UNGUARDED_AVAILABILITY = YES_AGGRESSIVE;
				CLANG_WARN_UNREACHABLE_CODE = YES;
				CLANG_WARN__DUPLICATE_METHOD_MATCH = YES;
				COPY_PHASE_STRIP = NO;
				DEBUG_INFORMATION_FORMAT = "dwarf-with-dsym";
				ENABLE_NS_ASSERTIONS = NO;
				ENABLE_STRICT_OBJC_MSGSEND = YES;
				GCC_C_LANGUAGE_STANDARD = gnu11;
				GCC_NO_COMMON_BLOCKS = YES;
				GCC_WARN_64_TO_32_BIT_CONVERSION = YES;
				GCC_WARN_ABOUT_RETURN_TYPE = YES_ERROR;
				GCC_WARN_UNDECLARED_SELECTOR = YES;
				GCC_WARN_UNINITIALIZED_AUTOS = YES_AGGRESSIVE;
				GCC_WARN_UNUSED_FUNCTION = YES;
				GCC_WARN_UNUSED_VARIABLE = YES;
				IPHONEOS_DEPLOYMENT_TARGET = 15.0;
				MTL_ENABLE_DEBUG_INFO = NO;
				MTL_FAST_MATH = YES;
				SWIFT_COMPILATION_MODE = wholemodule;
				SWIFT_OPTIMIZATION_LEVEL = "-O";
			};
			name = Release;
		};
		314814B32738309200E0D7FD /* Debug */ = {
			isa = XCBuildConfiguration;
			buildSettings = {
				ASSETCATALOG_COMPILER_APPICON_NAME = AppIcon;
				ASSETCATALOG_COMPILER_GLOBAL_ACCENT_COLOR_NAME = AccentColor;
				CODE_SIGN_STYLE = Automatic;
				ENABLE_PREVIEWS = YES;
				INFOPLIST_FILE = iOS/Info.plist;
				IPHONEOS_DEPLOYMENT_TARGET = 14.0;
				LD_RUNPATH_SEARCH_PATHS = (
					"$(inherited)",
					"@executable_path/Frameworks",
				);
				PRODUCT_BUNDLE_IDENTIFIER = "com.SignTogether.SignWithUs2-0";
				PRODUCT_NAME = SignWithUs2.0;
				SDKROOT = iphoneos;
				SWIFT_VERSION = 5.0;
				TARGETED_DEVICE_FAMILY = "1,2";
			};
			name = Debug;
		};
		314814B42738309200E0D7FD /* Release */ = {
			isa = XCBuildConfiguration;
			buildSettings = {
				ASSETCATALOG_COMPILER_APPICON_NAME = AppIcon;
				ASSETCATALOG_COMPILER_GLOBAL_ACCENT_COLOR_NAME = AccentColor;
				CODE_SIGN_STYLE = Automatic;
				ENABLE_PREVIEWS = YES;
				INFOPLIST_FILE = iOS/Info.plist;
				IPHONEOS_DEPLOYMENT_TARGET = 14.0;
				LD_RUNPATH_SEARCH_PATHS = (
					"$(inherited)",
					"@executable_path/Frameworks",
				);
				PRODUCT_BUNDLE_IDENTIFIER = "com.SignTogether.SignWithUs2-0";
				PRODUCT_NAME = SignWithUs2.0;
				SDKROOT = iphoneos;
				SWIFT_VERSION = 5.0;
				TARGETED_DEVICE_FAMILY = "1,2";
				VALIDATE_PRODUCT = YES;
			};
			name = Release;
		};
		314814B62738309200E0D7FD /* Debug */ = {
			isa = XCBuildConfiguration;
			buildSettings = {
				ASSETCATALOG_COMPILER_APPICON_NAME = AppIcon;
				ASSETCATALOG_COMPILER_GLOBAL_ACCENT_COLOR_NAME = AccentColor;
				CODE_SIGN_ENTITLEMENTS = macOS/macOS.entitlements;
				CODE_SIGN_STYLE = Automatic;
				COMBINE_HIDPI_IMAGES = YES;
				ENABLE_PREVIEWS = YES;
				INFOPLIST_FILE = macOS/Info.plist;
				LD_RUNPATH_SEARCH_PATHS = (
					"$(inherited)",
					"@executable_path/../Frameworks",
				);
				MACOSX_DEPLOYMENT_TARGET = 11.0;
				PRODUCT_BUNDLE_IDENTIFIER = "com.SignTogether.SignWithUs2-0";
				PRODUCT_NAME = SignWithUs2.0;
				SDKROOT = macosx;
				SWIFT_VERSION = 5.0;
			};
			name = Debug;
		};
		314814B72738309200E0D7FD /* Release */ = {
			isa = XCBuildConfiguration;
			buildSettings = {
				ASSETCATALOG_COMPILER_APPICON_NAME = AppIcon;
				ASSETCATALOG_COMPILER_GLOBAL_ACCENT_COLOR_NAME = AccentColor;
				CODE_SIGN_ENTITLEMENTS = macOS/macOS.entitlements;
				CODE_SIGN_STYLE = Automatic;
				COMBINE_HIDPI_IMAGES = YES;
				ENABLE_PREVIEWS = YES;
				INFOPLIST_FILE = macOS/Info.plist;
				LD_RUNPATH_SEARCH_PATHS = (
					"$(inherited)",
					"@executable_path/../Frameworks",
				);
				MACOSX_DEPLOYMENT_TARGET = 11.0;
				PRODUCT_BUNDLE_IDENTIFIER = "com.SignTogether.SignWithUs2-0";
				PRODUCT_NAME = SignWithUs2.0;
				SDKROOT = macosx;
				SWIFT_VERSION = 5.0;
			};
			name = Release;
		};
/* End XCBuildConfiguration section */

/* Begin XCConfigurationList section */
		314814952738309000E0D7FD /* Build configuration list for PBXProject "SignWithUs2.0" */ = {
			isa = XCConfigurationList;
			buildConfigurations = (
				314814B02738309200E0D7FD /* Debug */,
				314814B12738309200E0D7FD /* Release */,
			);
			defaultConfigurationIsVisible = 0;
			defaultConfigurationName = Release;
		};
		314814B22738309200E0D7FD /* Build configuration list for PBXNativeTarget "SignWithUs2.0 (iOS)" */ = {
			isa = XCConfigurationList;
			buildConfigurations = (
				314814B32738309200E0D7FD /* Debug */,
				314814B42738309200E0D7FD /* Release */,
			);
			defaultConfigurationIsVisible = 0;
			defaultConfigurationName = Release;
		};
		314814B52738309200E0D7FD /* Build configuration list for PBXNativeTarget "SignWithUs2.0 (macOS)" */ = {
			isa = XCConfigurationList;
			buildConfigurations = (
				314814B62738309200E0D7FD /* Debug */,
				314814B72738309200E0D7FD /* Release */,
			);
			defaultConfigurationIsVisible = 0;
			defaultConfigurationName = Release;
		};
/* End XCConfigurationList section */
	};
	rootObject = 314814922738309000E0D7FD /* Project object */;
}
